
Microsoft Visual Studio Solution File, Format Version 12.00
# Visual Studio Version 16
VisualStudioVersion = 16.0.29424.173
MinimumVisualStudioVersion = 10.0.40219.1
Project("{FAE04EC0-301F-11D3-BF4B-00C04F79EFBC}") = "HW6", "HW6\HW6.csproj", "{4BEF59D9-6D38-4AF9-914F-60C1A36DCC81}"
EndProject
Global
	GlobalSection(SolutionConfigurationPlatforms) = preSolution
		Debug|Any CPU = Debug|Any CPU
		Release|Any CPU = Release|Any CPU
	EndGlobalSection
	GlobalSection(ProjectConfigurationPlatforms) = postSolution
		{4BEF59D9-6D38-4AF9-914F-60C1A36DCC81}.Debug|Any CPU.ActiveCfg = Debug|Any CPU
		{4BEF59D9-6D38-4AF9-914F-60C1A36DCC81}.Debug|Any CPU.Build.0 = Debug|Any CPU
		{4BEF59D9-6D38-4AF9-914F-60C1A36DCC81}.Release|Any CPU.ActiveCfg = Release|Any CPU
		{4BEF59D9-6D38-4AF9-914F-60C1A36DCC81}.Release|Any CPU.Build.0 = Release|Any CPU
	EndGlobalSection
	GlobalSection(SolutionProperties) = preSolution
		HideSolutionNode = FALSE
	EndGlobalSection
	GlobalSection(ExtensibilityGlobals) = postSolution
		SolutionGuid = {0F24077E-AA44-4B01-89DF-08C8F011929A}
	EndGlobalSection
EndGlobal
